
Microsoft Visual Studio Solution File, Format Version 12.00
# Visual Studio Version 17
VisualStudioVersion = 17.0.31903.59
MinimumVisualStudioVersion = 10.0.40219.1
Project("{2150E333-8FDC-42A3-9474-1A3956D46DE8}") = "BuildingBlocks", "BuildingBlocks", "{7266C4A9-E384-DC00-0EB6-47F6002CFBA7}"
EndProject
Project("{FAE04EC0-301F-11D3-BF4B-00C04F79EFBC}") = "ControlEasyReborn.SharedKernel", "BuildingBlocks\ControlEasyReborn.SharedKernel\ControlEasyReborn.SharedKernel.csproj", "{590B51CB-6955-43C7-B347-274001F6A902}"
EndProject
Project("{FAE04EC0-301F-11D3-BF4B-00C04F79EFBC}") = "ControlEasyReborn.Infrastructure", "BuildingBlocks\ControlEasyReborn.Infrastructure\ControlEasyReborn.Infrastructure.csproj", "{56053F67-841B-4A0C-AD6A-688DC6C50AB6}"
EndProject
Project("{2150E333-8FDC-42A3-9474-1A3956D46DE8}") = "Modules", "Modules", "{CA253913-39DE-BFD0-C9A3-4B7EC6FBDF17}"
EndProject
Project("{2150E333-8FDC-42A3-9474-1A3956D46DE8}") = "Tenants", "Tenants", "{232D16D1-3717-7535-8682-C7B068A316A6}"
EndProject
Project("{2150E333-8FDC-42A3-9474-1A3956D46DE8}") = "Residents", "Residents", "{D43E16D1-3717-7535-8682-C7B068A316A7}"
EndProject
Project("{2150E333-8FDC-42A3-9474-1A3956D46DE8}") = "Security", "Security", "{E54F16D1-3717-7535-8682-C7B068A316A8}"
EndProject
Project("{FAE04EC0-301F-11D3-BF4B-00C04F79EFBC}") = "ControlEasyReborn.Modules.Residents.Domain", "Modules\Residents\ControlEasyReborn.Modules.Residents.Domain\ControlEasyReborn.Modules.Residents.Domain.csproj", "{C94FDD76-B294-4CFB-A308-569B29801608}"
EndProject
Project("{FAE04EC0-301F-11D3-BF4B-00C04F79EFBC}") = "ControlEasyReborn.Modules.Residents.Application", "Modules\Residents\ControlEasyReborn.Modules.Residents.Application\ControlEasyReborn.Modules.Residents.Application.csproj", "{D3A059FD-EA41-408D-B4A7-1D6E3F8E6167}"
EndProject
Project("{FAE04EC0-301F-11D3-BF4B-00C04F79EFBC}") = "ControlEasyReborn.Modules.Residents.Infrastructure", "Modules\Residents\ControlEasyReborn.Modules.Residents.Infrastructure\ControlEasyReborn.Modules.Residents.Infrastructure.csproj", "{B2FA59E4-225D-46E7-912E-6B5FD5128A24}"
EndProject
Project("{FAE04EC0-301F-11D3-BF4B-00C04F79EFBC}") = "ControlEasyReborn.Modules.Residents.Api", "Modules\Residents\ControlEasyReborn.Modules.Residents.Api\ControlEasyReborn.Modules.Residents.Api.csproj", "{A800D71E-F619-45DE-A359-D38EC62C7118}"
EndProject
Project("{FAE04EC0-301F-11D3-BF4B-00C04F79EFBC}") = "ControlEasyReborn.Modules.Tenants.Domain", "Modules\Tenants\ControlEasyReborn.Modules.Tenants.Domain\ControlEasyReborn.Modules.Tenants.Domain.csproj", "{A94FDD76-B294-4CFB-A308-569B29801607}"
EndProject
Project("{FAE04EC0-301F-11D3-BF4B-00C04F79EFBC}") = "ControlEasyReborn.Modules.Tenants.Application", "Modules\Tenants\ControlEasyReborn.Modules.Tenants.Application\ControlEasyReborn.Modules.Tenants.Application.csproj", "{13A059FD-EA41-408D-B4A7-1D6E3F8E6166}"
EndProject
Project("{FAE04EC0-301F-11D3-BF4B-00C04F79EFBC}") = "ControlEasyReborn.Modules.Tenants.Infrastructure", "Modules\Tenants\ControlEasyReborn.Modules.Tenants.Infrastructure\ControlEasyReborn.Modules.Tenants.Infrastructure.csproj", "{A2FA59E4-225D-46E7-912E-6B5FD5128A23}"
EndProject
Project("{FAE04EC0-301F-11D3-BF4B-00C04F79EFBC}") = "ControlEasyReborn.Modules.Tenants.Api", "Modules\Tenants\ControlEasyReborn.Modules.Tenants.Api\ControlEasyReborn.Modules.Tenants.Api.csproj", "{9800D71E-F619-45DE-A359-D38EC62C7117}"
EndProject
Project("{FAE04EC0-301F-11D3-BF4B-00C04F79EFBC}") = "ControlEasyReborn.Modules.Security.Domain", "Modules\Security\ControlEasyReborn.Modules.Security.Domain\ControlEasyReborn.Modules.Security.Domain.csproj", "{A15FDD76-B294-4CFB-A308-569B29801609}"
EndProject
Project("{FAE04EC0-301F-11D3-BF4B-00C04F79EFBC}") = "ControlEasyReborn.Modules.Security.Application", "Modules\Security\ControlEasyReborn.Modules.Security.Application\ControlEasyReborn.Modules.Security.Application.csproj", "{53A059FD-EA41-408D-B4A7-1D6E3F8E6168}"
EndProject
Project("{FAE04EC0-301F-11D3-BF4B-00C04F79EFBC}") = "ControlEasyReborn.Modules.Security.Infrastructure", "Modules\Security\ControlEasyReborn.Modules.Security.Infrastructure\ControlEasyReborn.Modules.Security.Infrastructure.csproj", "{B3FA59E4-225D-46E7-912E-6B5FD5128A25}"
EndProject
Project("{FAE04EC0-301F-11D3-BF4B-00C04F79EFBC}") = "ControlEasyReborn.Modules.Security.Api", "Modules\Security\ControlEasyReborn.Modules.Security.Api\ControlEasyReborn.Modules.Security.Api.csproj", "{A900D71E-F619-45DE-A359-D38EC62C7119}"
EndProject
Project("{FAE04EC0-301F-11D3-BF4B-00C04F79EFBC}") = "ControlEasyReborn.UnitTests", "..\tests\ControlEasyReborn.UnitTests\ControlEasyReborn.UnitTests.csproj", "{B27D5FAD-9B2B-444B-AAE0-01F3E5F915AC}"
EndProject
Project("{2150E333-8FDC-42A3-9474-1A3956D46DE8}") = "Host", "Host", "{A1B2C3D4-E5F6-7890-ABCD-EF1234567890}"
EndProject
Project("{FAE04EC0-301F-11D3-BF4B-00C04F79EFBC}") = "ControlEasyReborn.Api", "Host\ControlEasyReborn.Api\ControlEasyReborn.Api.csproj", "{B1C2D3E4-F5A6-7890-BCDE-F12345678901}"
EndProject
Project("{FAE04EC0-301F-11D3-BF4B-00C04F79EFBC}") = "ControlEasyReborn.IntegrationTests", "..\tests\ControlEasyReborn.IntegrationTests\ControlEasyReborn.IntegrationTests.csproj", "{C2D3E4F5-A6B7-8901-CDEF-234567890ABC}"
EndProject
Project("{FAE04EC0-301F-11D3-BF4B-00C04F79EFBC}") = "ControlEasyReborn.ArchitectureTests", "..\tests\ControlEasyReborn.ArchitectureTests\ControlEasyReborn.ArchitectureTests.csproj", "{D3E4F5A6-B7C8-9012-DEFA-345678901BCD}"
EndProject
Project("{2150E333-8FDC-42A3-9474-1A3956D46DE8}") = "Vehicles", "Vehicles", "{DBE06A19-C3D8-5748-22DF-70D1BF29ACA7}"
EndProject
Project("{FAE04EC0-301F-11D3-BF4B-00C04F79EFBC}") = "ControlEasyReborn.Modules.Vehicles.Domain", "Modules\Vehicles\ControlEasyReborn.Modules.Vehicles.Domain\ControlEasyReborn.Modules.Vehicles.Domain.csproj", "{B71DD6DB-16B0-4A22-A40B-CFD56F397C90}"
EndProject
Project("{FAE04EC0-301F-11D3-BF4B-00C04F79EFBC}") = "ControlEasyReborn.Modules.Vehicles.Application", "Modules\Vehicles\ControlEasyReborn.Modules.Vehicles.Application\ControlEasyReborn.Modules.Vehicles.Application.csproj", "{1DEC8D6F-74E2-4917-BF3E-AB800B1D51E1}"
EndProject
Project("{FAE04EC0-301F-11D3-BF4B-00C04F79EFBC}") = "ControlEasyReborn.Modules.Vehicles.Infrastructure", "Modules\Vehicles\ControlEasyReborn.Modules.Vehicles.Infrastructure\ControlEasyReborn.Modules.Vehicles.Infrastructure.csproj", "{FE81ABCD-5C23-4C09-B710-F03C26A2E796}"
EndProject
Project("{FAE04EC0-301F-11D3-BF4B-00C04F79EFBC}") = "ControlEasyReborn.Modules.Vehicles.Api", "Modules\Vehicles\ControlEasyReborn.Modules.Vehicles.Api\ControlEasyReborn.Modules.Vehicles.Api.csproj", "{7087456E-BC2C-408F-A07E-B24239FE7BF8}"
EndProject
Project("{2150E333-8FDC-42A3-9474-1A3956D46DE8}") = "ServiceProviders", "ServiceProviders", "{216848B0-572A-DDAD-5F7D-381B99D26C9F}"
EndProject
Project("{FAE04EC0-301F-11D3-BF4B-00C04F79EFBC}") = "ControlEasyReborn.Modules.ServiceProviders.Domain", "Modules\ServiceProviders\ControlEasyReborn.Modules.ServiceProviders.Domain\ControlEasyReborn.Modules.ServiceProviders.Domain.csproj", "{B9E15B0B-46E1-46FA-80C8-CD4F2708ADEF}"
EndProject
Project("{FAE04EC0-301F-11D3-BF4B-00C04F79EFBC}") = "ControlEasyReborn.Modules.ServiceProviders.Application", "Modules\ServiceProviders\ControlEasyReborn.Modules.ServiceProviders.Application\ControlEasyReborn.Modules.ServiceProviders.Application.csproj", "{B6DD3E5A-BDE5-492C-91E8-D80D20CED7C6}"
EndProject
Project("{FAE04EC0-301F-11D3-BF4B-00C04F79EFBC}") = "ControlEasyReborn.Modules.ServiceProviders.Infrastructure", "Modules\ServiceProviders\ControlEasyReborn.Modules.ServiceProviders.Infrastructure\ControlEasyReborn.Modules.ServiceProviders.Infrastructure.csproj", "{248690F6-97B2-459F-8BD2-5F330CD75DFF}"
EndProject
Project("{FAE04EC0-301F-11D3-BF4B-00C04F79EFBC}") = "ControlEasyReborn.Modules.ServiceProviders.Api", "Modules\ServiceProviders\ControlEasyReborn.Modules.ServiceProviders.Api\ControlEasyReborn.Modules.ServiceProviders.Api.csproj", "{5C040EBA-D9E4-4DED-B8C8-A3CA04A915C1}"
EndProject
Project("{2150E333-8FDC-42A3-9474-1A3956D46DE8}") = "Visits", "Visits", "{FC875188-97FF-BAF4-E2B3-5F9824AC5C9A}"
EndProject
Project("{FAE04EC0-301F-11D3-BF4B-00C04F79EFBC}") = "ControlEasyReborn.Modules.Visits.Domain", "Modules\Visits\ControlEasyReborn.Modules.Visits.Domain\ControlEasyReborn.Modules.Visits.Domain.csproj", "{E7C39DA2-F339-4B6D-B0FF-7DA50B8E4C0D}"
EndProject
Project("{FAE04EC0-301F-11D3-BF4B-00C04F79EFBC}") = "ControlEasyReborn.Modules.Visits.Application", "Modules\Visits\ControlEasyReborn.Modules.Visits.Application\ControlEasyReborn.Modules.Visits.Application.csproj", "{24600990-8EEB-4A16-BCCE-4C54A834BC3F}"
EndProject
Project("{FAE04EC0-301F-11D3-BF4B-00C04F79EFBC}") = "ControlEasyReborn.Modules.Visits.Infrastructure", "Modules\Visits\ControlEasyReborn.Modules.Visits.Infrastructure\ControlEasyReborn.Modules.Visits.Infrastructure.csproj", "{476A36F6-BACB-450E-A5F7-D74FFBF1841E}"
EndProject
Project("{FAE04EC0-301F-11D3-BF4B-00C04F79EFBC}") = "ControlEasyReborn.Modules.Visits.Api", "Modules\Visits\ControlEasyReborn.Modules.Visits.Api\ControlEasyReborn.Modules.Visits.Api.csproj", "{3F2F1705-236E-4535-BD78-6988CF50FB5B}"
EndProject
Project("{2150E333-8FDC-42A3-9474-1A3956D46DE8}") = "Administration", "Administration", "{0F87A283-286F-D1F5-4937-B49551E41E1C}"
EndProject
Project("{FAE04EC0-301F-11D3-BF4B-00C04F79EFBC}") = "ControlEasyReborn.Modules.Administration.Domain", "Modules\Administration\ControlEasyReborn.Modules.Administration.Domain\ControlEasyReborn.Modules.Administration.Domain.csproj", "{E4283792-5938-4150-BAE1-07C3F383977B}"
EndProject
Project("{FAE04EC0-301F-11D3-BF4B-00C04F79EFBC}") = "ControlEasyReborn.Modules.Administration.Application", "Modules\Administration\ControlEasyReborn.Modules.Administration.Application\ControlEasyReborn.Modules.Administration.Application.csproj", "{79D168BC-1C73-45F0-8861-7F130BD31360}"
EndProject
Project("{FAE04EC0-301F-11D3-BF4B-00C04F79EFBC}") = "ControlEasyReborn.Modules.Administration.Infrastructure", "Modules\Administration\ControlEasyReborn.Modules.Administration.Infrastructure\ControlEasyReborn.Modules.Administration.Infrastructure.csproj", "{6829A174-D4B4-4DCA-B53E-8A4016D80DA0}"
EndProject
Project("{FAE04EC0-301F-11D3-BF4B-00C04F79EFBC}") = "ControlEasyReborn.Modules.Administration.Api", "Modules\Administration\ControlEasyReborn.Modules.Administration.Api\ControlEasyReborn.Modules.Administration.Api.csproj", "{3057B322-0594-4F72-BE88-55396EC5A901}"
EndProject
Project("{2150E333-8FDC-42A3-9474-1A3956D46DE8}") = "Reports", "Reports", "{D0662910-7CB9-8EF1-EB60-346B5A552B18}"
EndProject
Project("{FAE04EC0-301F-11D3-BF4B-00C04F79EFBC}") = "ControlEasyReborn.Modules.Reports.Application", "Modules\Reports\ControlEasyReborn.Modules.Reports.Application\ControlEasyReborn.Modules.Reports.Application.csproj", "{89475209-9101-4C66-B351-225D462A45C6}"
EndProject
Project("{FAE04EC0-301F-11D3-BF4B-00C04F79EFBC}") = "ControlEasyReborn.Modules.Reports.Infrastructure", "Modules\Reports\ControlEasyReborn.Modules.Reports.Infrastructure\ControlEasyReborn.Modules.Reports.Infrastructure.csproj", "{5DF8B776-F157-4C96-A6E7-B3CE52AC67E8}"
EndProject
Project("{FAE04EC0-301F-11D3-BF4B-00C04F79EFBC}") = "ControlEasyReborn.Modules.Reports.Api", "Modules\Reports\ControlEasyReborn.Modules.Reports.Api\ControlEasyReborn.Modules.Reports.Api.csproj", "{6EA81A01-3D98-4B39-8863-B9CEE228401C}"
EndProject
Project("{2150E333-8FDC-42A3-9474-1A3956D46DE8}") = "Apartments", "Apartments", "{0A17C655-BF1C-DD66-7A66-61B6DCB05634}"
EndProject
Project("{FAE04EC0-301F-11D3-BF4B-00C04F79EFBC}") = "ControlEasyReborn.Modules.Apartments.Domain", "Modules\Apartments\ControlEasyReborn.Modules.Apartments.Domain\ControlEasyReborn.Modules.Apartments.Domain.csproj", "{F4EB946A-D680-4E96-927B-DE73D424D259}"
EndProject
Project("{FAE04EC0-301F-11D3-BF4B-00C04F79EFBC}") = "ControlEasyReborn.Modules.Apartments.Application", "Modules\Apartments\ControlEasyReborn.Modules.Apartments.Application\ControlEasyReborn.Modules.Apartments.Application.csproj", "{179BB873-2C8D-4B84-92A7-4D23215081F9}"
EndProject
Project("{FAE04EC0-301F-11D3-BF4B-00C04F79EFBC}") = "ControlEasyReborn.Modules.Apartments.Infrastructure", "Modules\Apartments\ControlEasyReborn.Modules.Apartments.Infrastructure\ControlEasyReborn.Modules.Apartments.Infrastructure.csproj", "{804053F7-B1D2-4288-A050-5C78887FA7B4}"
EndProject
Project("{FAE04EC0-301F-11D3-BF4B-00C04F79EFBC}") = "ControlEasyReborn.Modules.Apartments.Api", "Modules\Apartments\ControlEasyReborn.Modules.Apartments.Api\ControlEasyReborn.Modules.Apartments.Api.csproj", "{6FAEB942-14C3-4608-8786-A5AF65BB95A3}"
EndProject
Global
	GlobalSection(SolutionConfigurationPlatforms) = preSolution
		Debug|Any CPU = Debug|Any CPU
		Debug|x64 = Debug|x64
		Debug|x86 = Debug|x86
		Release|Any CPU = Release|Any CPU
		Release|x64 = Release|x64
		Release|x86 = Release|x86
	EndGlobalSection
	GlobalSection(ProjectConfigurationPlatforms) = postSolution
		{590B51CB-6955-43C7-B347-274001F6A902}.Debug|Any CPU.ActiveCfg = Debug|Any CPU
		{590B51CB-6955-43C7-B347-274001F6A902}.Debug|Any CPU.Build.0 = Debug|Any CPU
		{590B51CB-6955-43C7-B347-274001F6A902}.Debug|x64.ActiveCfg = Debug|Any CPU
		{590B51CB-6955-43C7-B347-274001F6A902}.Debug|x64.Build.0 = Debug|Any CPU
		{590B51CB-6955-43C7-B347-274001F6A902}.Debug|x86.ActiveCfg = Debug|Any CPU
		{590B51CB-6955-43C7-B347-274001F6A902}.Debug|x86.Build.0 = Debug|Any CPU
		{590B51CB-6955-43C7-B347-274001F6A902}.Release|Any CPU.ActiveCfg = Release|Any CPU
		{590B51CB-6955-43C7-B347-274001F6A902}.Release|Any CPU.Build.0 = Release|Any CPU
		{590B51CB-6955-43C7-B347-274001F6A902}.Release|x64.ActiveCfg = Release|Any CPU
		{590B51CB-6955-43C7-B347-274001F6A902}.Release|x64.Build.0 = Release|Any CPU
		{590B51CB-6955-43C7-B347-274001F6A902}.Release|x86.ActiveCfg = Release|Any CPU
		{590B51CB-6955-43C7-B347-274001F6A902}.Release|x86.Build.0 = Release|Any CPU
		{56053F67-841B-4A0C-AD6A-688DC6C50AB6}.Debug|Any CPU.ActiveCfg = Debug|Any CPU
		{56053F67-841B-4A0C-AD6A-688DC6C50AB6}.Debug|Any CPU.Build.0 = Debug|Any CPU
		{56053F67-841B-4A0C-AD6A-688DC6C50AB6}.Debug|x64.ActiveCfg = Debug|Any CPU
		{56053F67-841B-4A0C-AD6A-688DC6C50AB6}.Debug|x64.Build.0 = Debug|Any CPU
		{56053F67-841B-4A0C-AD6A-688DC6C50AB6}.Debug|x86.ActiveCfg = Debug|Any CPU
		{56053F67-841B-4A0C-AD6A-688DC6C50AB6}.Debug|x86.Build.0 = Debug|Any CPU
		{56053F67-841B-4A0C-AD6A-688DC6C50AB6}.Release|Any CPU.ActiveCfg = Release|Any CPU
		{56053F67-841B-4A0C-AD6A-688DC6C50AB6}.Release|Any CPU.Build.0 = Release|Any CPU
		{56053F67-841B-4A0C-AD6A-688DC6C50AB6}.Release|x64.ActiveCfg = Release|Any CPU
		{56053F67-841B-4A0C-AD6A-688DC6C50AB6}.Release|x64.Build.0 = Release|Any CPU
		{56053F67-841B-4A0C-AD6A-688DC6C50AB6}.Release|x86.ActiveCfg = Release|Any CPU
		{56053F67-841B-4A0C-AD6A-688DC6C50AB6}.Release|x86.Build.0 = Release|Any CPU
		{C94FDD76-B294-4CFB-A308-569B29801608}.Debug|Any CPU.ActiveCfg = Debug|Any CPU
		{C94FDD76-B294-4CFB-A308-569B29801608}.Debug|Any CPU.Build.0 = Debug|Any CPU
		{C94FDD76-B294-4CFB-A308-569B29801608}.Debug|x64.ActiveCfg = Debug|Any CPU
		{C94FDD76-B294-4CFB-A308-569B29801608}.Debug|x64.Build.0 = Debug|Any CPU
		{C94FDD76-B294-4CFB-A308-569B29801608}.Debug|x86.ActiveCfg = Debug|Any CPU
		{C94FDD76-B294-4CFB-A308-569B29801608}.Debug|x86.Build.0 = Debug|Any CPU
		{C94FDD76-B294-4CFB-A308-569B29801608}.Release|Any CPU.ActiveCfg = Release|Any CPU
		{C94FDD76-B294-4CFB-A308-569B29801608}.Release|Any CPU.Build.0 = Release|Any CPU
		{C94FDD76-B294-4CFB-A308-569B29801608}.Release|x64.ActiveCfg = Release|Any CPU
		{C94FDD76-B294-4CFB-A308-569B29801608}.Release|x64.Build.0 = Release|Any CPU
		{C94FDD76-B294-4CFB-A308-569B29801608}.Release|x86.ActiveCfg = Release|Any CPU
		{C94FDD76-B294-4CFB-A308-569B29801608}.Release|x86.Build.0 = Release|Any CPU
		{D3A059FD-EA41-408D-B4A7-1D6E3F8E6167}.Debug|Any CPU.ActiveCfg = Debug|Any CPU
		{D3A059FD-EA41-408D-B4A7-1D6E3F8E6167}.Debug|Any CPU.Build.0 = Debug|Any CPU
		{D3A059FD-EA41-408D-B4A7-1D6E3F8E6167}.Debug|x64.ActiveCfg = Debug|Any CPU
		{D3A059FD-EA41-408D-B4A7-1D6E3F8E6167}.Debug|x64.Build.0 = Debug|Any CPU
		{D3A059FD-EA41-408D-B4A7-1D6E3F8E6167}.Debug|x86.ActiveCfg = Debug|Any CPU
		{D3A059FD-EA41-408D-B4A7-1D6E3F8E6167}.Debug|x86.Build.0 = Debug|Any CPU
		{D3A059FD-EA41-408D-B4A7-1D6E3F8E6167}.Release|Any CPU.ActiveCfg = Release|Any CPU
		{D3A059FD-EA41-408D-B4A7-1D6E3F8E6167}.Release|Any CPU.Build.0 = Release|Any CPU
		{D3A059FD-EA41-408D-B4A7-1D6E3F8E6167}.Release|x64.ActiveCfg = Release|Any CPU
		{D3A059FD-EA41-408D-B4A7-1D6E3F8E6167}.Release|x64.Build.0 = Release|Any CPU
		{D3A059FD-EA41-408D-B4A7-1D6E3F8E6167}.Release|x86.ActiveCfg = Release|Any CPU
		{D3A059FD-EA41-408D-B4A7-1D6E3F8E6167}.Release|x86.Build.0 = Release|Any CPU
		{B2FA59E4-225D-46E7-912E-6B5FD5128A24}.Debug|Any CPU.ActiveCfg = Debug|Any CPU
		{B2FA59E4-225D-46E7-912E-6B5FD5128A24}.Debug|Any CPU.Build.0 = Debug|Any CPU
		{B2FA59E4-225D-46E7-912E-6B5FD5128A24}.Debug|x64.ActiveCfg = Debug|Any CPU
		{B2FA59E4-225D-46E7-912E-6B5FD5128A24}.Debug|x64.Build.0 = Debug|Any CPU
		{B2FA59E4-225D-46E7-912E-6B5FD5128A24}.Debug|x86.ActiveCfg = Debug|Any CPU
		{B2FA59E4-225D-46E7-912E-6B5FD5128A24}.Debug|x86.Build.0 = Debug|Any CPU
		{B2FA59E4-225D-46E7-912E-6B5FD5128A24}.Release|Any CPU.ActiveCfg = Release|Any CPU
		{B2FA59E4-225D-46E7-912E-6B5FD5128A24}.Release|Any CPU.Build.0 = Release|Any CPU
		{B2FA59E4-225D-46E7-912E-6B5FD5128A24}.Release|x64.ActiveCfg = Release|Any CPU
		{B2FA59E4-225D-46E7-912E-6B5FD5128A24}.Release|x64.Build.0 = Release|Any CPU
		{B2FA59E4-225D-46E7-912E-6B5FD5128A24}.Release|x86.ActiveCfg = Release|Any CPU
		{B2FA59E4-225D-46E7-912E-6B5FD5128A24}.Release|x86.Build.0 = Release|Any CPU
		{A800D71E-F619-45DE-A359-D38EC62C7118}.Debug|Any CPU.ActiveCfg = Debug|Any CPU
		{A800D71E-F619-45DE-A359-D38EC62C7118}.Debug|Any CPU.Build.0 = Debug|Any CPU
		{A800D71E-F619-45DE-A359-D38EC62C7118}.Debug|x64.ActiveCfg = Debug|Any CPU
		{A800D71E-F619-45DE-A359-D38EC62C7118}.Debug|x64.Build.0 = Debug|Any CPU
		{A800D71E-F619-45DE-A359-D38EC62C7118}.Debug|x86.ActiveCfg = Debug|Any CPU
		{A800D71E-F619-45DE-A359-D38EC62C7118}.Debug|x86.Build.0 = Debug|Any CPU
		{A800D71E-F619-45DE-A359-D38EC62C7118}.Release|Any CPU.ActiveCfg = Release|Any CPU
		{A800D71E-F619-45DE-A359-D38EC62C7118}.Release|Any CPU.Build.0 = Release|Any CPU
		{A800D71E-F619-45DE-A359-D38EC62C7118}.Release|x64.ActiveCfg = Release|Any CPU
		{A800D71E-F619-45DE-A359-D38EC62C7118}.Release|x64.Build.0 = Release|Any CPU
		{A800D71E-F619-45DE-A359-D38EC62C7118}.Release|x86.ActiveCfg = Release|Any CPU
		{A800D71E-F619-45DE-A359-D38EC62C7118}.Release|x86.Build.0 = Release|Any CPU
		{A94FDD76-B294-4CFB-A308-569B29801607}.Debug|Any CPU.ActiveCfg = Debug|Any CPU
		{A94FDD76-B294-4CFB-A308-569B29801607}.Debug|Any CPU.Build.0 = Debug|Any CPU
		{A94FDD76-B294-4CFB-A308-569B29801607}.Debug|x64.ActiveCfg = Debug|Any CPU
		{A94FDD76-B294-4CFB-A308-569B29801607}.Debug|x64.Build.0 = Debug|Any CPU
		{A94FDD76-B294-4CFB-A308-569B29801607}.Debug|x86.ActiveCfg = Debug|Any CPU
		{A94FDD76-B294-4CFB-A308-569B29801607}.Debug|x86.Build.0 = Debug|Any CPU
		{A94FDD76-B294-4CFB-A308-569B29801607}.Release|Any CPU.ActiveCfg = Release|Any CPU
		{A94FDD76-B294-4CFB-A308-569B29801607}.Release|Any CPU.Build.0 = Release|Any CPU
		{A94FDD76-B294-4CFB-A308-569B29801607}.Release|x64.ActiveCfg = Release|Any CPU
		{A94FDD76-B294-4CFB-A308-569B29801607}.Release|x64.Build.0 = Release|Any CPU
		{A94FDD76-B294-4CFB-A308-569B29801607}.Release|x86.ActiveCfg = Release|Any CPU
		{A94FDD76-B294-4CFB-A308-569B29801607}.Release|x86.Build.0 = Release|Any CPU
		{13A059FD-EA41-408D-B4A7-1D6E3F8E6166}.Debug|Any CPU.ActiveCfg = Debug|Any CPU
		{13A059FD-EA41-408D-B4A7-1D6E3F8E6166}.Debug|Any CPU.Build.0 = Debug|Any CPU
		{13A059FD-EA41-408D-B4A7-1D6E3F8E6166}.Debug|x64.ActiveCfg = Debug|Any CPU
		{13A059FD-EA41-408D-B4A7-1D6E3F8E6166}.Debug|x64.Build.0 = Debug|Any CPU
		{13A059FD-EA41-408D-B4A7-1D6E3F8E6166}.Debug|x86.ActiveCfg = Debug|Any CPU
		{13A059FD-EA41-408D-B4A7-1D6E3F8E6166}.Debug|x86.Build.0 = Debug|Any CPU
		{13A059FD-EA41-408D-B4A7-1D6E3F8E6166}.Release|Any CPU.ActiveCfg = Release|Any CPU
		{13A059FD-EA41-408D-B4A7-1D6E3F8E6166}.Release|Any CPU.Build.0 = Release|Any CPU
		{13A059FD-EA41-408D-B4A7-1D6E3F8E6166}.Release|x64.ActiveCfg = Release|Any CPU
		{13A059FD-EA41-408D-B4A7-1D6E3F8E6166}.Release|x64.Build.0 = Release|Any CPU
		{13A059FD-EA41-408D-B4A7-1D6E3F8E6166}.Release|x86.ActiveCfg = Release|Any CPU
		{13A059FD-EA41-408D-B4A7-1D6E3F8E6166}.Release|x86.Build.0 = Release|Any CPU
		{A2FA59E4-225D-46E7-912E-6B5FD5128A23}.Debug|Any CPU.ActiveCfg = Debug|Any CPU
		{A2FA59E4-225D-46E7-912E-6B5FD5128A23}.Debug|Any CPU.Build.0 = Debug|Any CPU
		{A2FA59E4-225D-46E7-912E-6B5FD5128A23}.Debug|x64.ActiveCfg = Debug|Any CPU
		{A2FA59E4-225D-46E7-912E-6B5FD5128A23}.Debug|x64.Build.0 = Debug|Any CPU
		{A2FA59E4-225D-46E7-912E-6B5FD5128A23}.Debug|x86.ActiveCfg = Debug|Any CPU
		{A2FA59E4-225D-46E7-912E-6B5FD5128A23}.Debug|x86.Build.0 = Debug|Any CPU
		{A2FA59E4-225D-46E7-912E-6B5FD5128A23}.Release|Any CPU.ActiveCfg = Release|Any CPU
		{A2FA59E4-225D-46E7-912E-6B5FD5128A23}.Release|Any CPU.Build.0 = Release|Any CPU
		{A2FA59E4-225D-46E7-912E-6B5FD5128A23}.Release|x64.ActiveCfg = Release|Any CPU
		{A2FA59E4-225D-46E7-912E-6B5FD5128A23}.Release|x64.Build.0 = Release|Any CPU
		{A2FA59E4-225D-46E7-912E-6B5FD5128A23}.Release|x86.ActiveCfg = Release|Any CPU
		{A2FA59E4-225D-46E7-912E-6B5FD5128A23}.Release|x86.Build.0 = Release|Any CPU
		{9800D71E-F619-45DE-A359-D38EC62C7117}.Debug|Any CPU.ActiveCfg = Debug|Any CPU
		{9800D71E-F619-45DE-A359-D38EC62C7117}.Debug|Any CPU.Build.0 = Debug|Any CPU
		{9800D71E-F619-45DE-A359-D38EC62C7117}.Debug|x64.ActiveCfg = Debug|Any CPU
		{9800D71E-F619-45DE-A359-D38EC62C7117}.Debug|x64.Build.0 = Debug|Any CPU
		{9800D71E-F619-45DE-A359-D38EC62C7117}.Debug|x86.ActiveCfg = Debug|Any CPU
		{9800D71E-F619-45DE-A359-D38EC62C7117}.Debug|x86.Build.0 = Debug|Any CPU
		{9800D71E-F619-45DE-A359-D38EC62C7117}.Release|Any CPU.ActiveCfg = Release|Any CPU
		{9800D71E-F619-45DE-A359-D38EC62C7117}.Release|Any CPU.Build.0 = Release|Any CPU
		{9800D71E-F619-45DE-A359-D38EC62C7117}.Release|x64.ActiveCfg = Release|Any CPU
		{9800D71E-F619-45DE-A359-D38EC62C7117}.Release|x64.Build.0 = Release|Any CPU
		{9800D71E-F619-45DE-A359-D38EC62C7117}.Release|x86.ActiveCfg = Release|Any CPU
		{9800D71E-F619-45DE-A359-D38EC62C7117}.Release|x86.Build.0 = Release|Any CPU
		{A15FDD76-B294-4CFB-A308-569B29801609}.Debug|Any CPU.ActiveCfg = Debug|Any CPU
		{A15FDD76-B294-4CFB-A308-569B29801609}.Debug|Any CPU.Build.0 = Debug|Any CPU
		{A15FDD76-B294-4CFB-A308-569B29801609}.Debug|x64.ActiveCfg = Debug|Any CPU
		{A15FDD76-B294-4CFB-A308-569B29801609}.Debug|x64.Build.0 = Debug|Any CPU
		{A15FDD76-B294-4CFB-A308-569B29801609}.Debug|x86.ActiveCfg = Debug|Any CPU
		{A15FDD76-B294-4CFB-A308-569B29801609}.Debug|x86.Build.0 = Debug|Any CPU
		{A15FDD76-B294-4CFB-A308-569B29801609}.Release|Any CPU.ActiveCfg = Release|Any CPU
		{A15FDD76-B294-4CFB-A308-569B29801609}.Release|Any CPU.Build.0 = Release|Any CPU
		{A15FDD76-B294-4CFB-A308-569B29801609}.Release|x64.ActiveCfg = Release|Any CPU
		{A15FDD76-B294-4CFB-A308-569B29801609}.Release|x64.Build.0 = Release|Any CPU
		{A15FDD76-B294-4CFB-A308-569B29801609}.Release|x86.ActiveCfg = Release|Any CPU
		{A15FDD76-B294-4CFB-A308-569B29801609}.Release|x86.Build.0 = Release|Any CPU
		{53A059FD-EA41-408D-B4A7-1D6E3F8E6168}.Debug|Any CPU.ActiveCfg = Debug|Any CPU
		{53A059FD-EA41-408D-B4A7-1D6E3F8E6168}.Debug|Any CPU.Build.0 = Debug|Any CPU
		{53A059FD-EA41-408D-B4A7-1D6E3F8E6168}.Debug|x64.ActiveCfg = Debug|Any CPU
		{53A059FD-EA41-408D-B4A7-1D6E3F8E6168}.Debug|x64.Build.0 = Debug|Any CPU
		{53A059FD-EA41-408D-B4A7-1D6E3F8E6168}.Debug|x86.ActiveCfg = Debug|Any CPU
		{53A059FD-EA41-408D-B4A7-1D6E3F8E6168}.Debug|x86.Build.0 = Debug|Any CPU
		{53A059FD-EA41-408D-B4A7-1D6E3F8E6168}.Release|Any CPU.ActiveCfg = Release|Any CPU
		{53A059FD-EA41-408D-B4A7-1D6E3F8E6168}.Release|Any CPU.Build.0 = Release|Any CPU
		{53A059FD-EA41-408D-B4A7-1D6E3F8E6168}.Release|x64.ActiveCfg = Release|Any CPU
		{53A059FD-EA41-408D-B4A7-1D6E3F8E6168}.Release|x64.Build.0 = Release|Any CPU
		{53A059FD-EA41-408D-B4A7-1D6E3F8E6168}.Release|x86.ActiveCfg = Release|Any CPU
		{53A059FD-EA41-408D-B4A7-1D6E3F8E6168}.Release|x86.Build.0 = Release|Any CPU
		{B3FA59E4-225D-46E7-912E-6B5FD5128A25}.Debug|Any CPU.ActiveCfg = Debug|Any CPU
		{B3FA59E4-225D-46E7-912E-6B5FD5128A25}.Debug|Any CPU.Build.0 = Debug|Any CPU
		{B3FA59E4-225D-46E7-912E-6B5FD5128A25}.Debug|x64.ActiveCfg = Debug|Any CPU
		{B3FA59E4-225D-46E7-912E-6B5FD5128A25}.Debug|x64.Build.0 = Debug|Any CPU
		{B3FA59E4-225D-46E7-912E-6B5FD5128A25}.Debug|x86.ActiveCfg = Debug|Any CPU
		{B3FA59E4-225D-46E7-912E-6B5FD5128A25}.Debug|x86.Build.0 = Debug|Any CPU
		{B3FA59E4-225D-46E7-912E-6B5FD5128A25}.Release|Any CPU.ActiveCfg = Release|Any CPU
		{B3FA59E4-225D-46E7-912E-6B5FD5128A25}.Release|Any CPU.Build.0 = Release|Any CPU
		{B3FA59E4-225D-46E7-912E-6B5FD5128A25}.Release|x64.ActiveCfg = Release|Any CPU
		{B3FA59E4-225D-46E7-912E-6B5FD5128A25}.Release|x64.Build.0 = Release|Any CPU
		{B3FA59E4-225D-46E7-912E-6B5FD5128A25}.Release|x86.ActiveCfg = Release|Any CPU
		{B3FA59E4-225D-46E7-912E-6B5FD5128A25}.Release|x86.Build.0 = Release|Any CPU
		{A900D71E-F619-45DE-A359-D38EC62C7119}.Debug|Any CPU.ActiveCfg = Debug|Any CPU
		{A900D71E-F619-45DE-A359-D38EC62C7119}.Debug|Any CPU.Build.0 = Debug|Any CPU
		{A900D71E-F619-45DE-A359-D38EC62C7119}.Debug|x64.ActiveCfg = Debug|Any CPU
		{A900D71E-F619-45DE-A359-D38EC62C7119}.Debug|x64.Build.0 = Debug|Any CPU
		{A900D71E-F619-45DE-A359-D38EC62C7119}.Debug|x86.ActiveCfg = Debug|Any CPU
		{A900D71E-F619-45DE-A359-D38EC62C7119}.Debug|x86.Build.0 = Debug|Any CPU
		{A900D71E-F619-45DE-A359-D38EC62C7119}.Release|Any CPU.ActiveCfg = Release|Any CPU
		{A900D71E-F619-45DE-A359-D38EC62C7119}.Release|Any CPU.Build.0 = Release|Any CPU
		{A900D71E-F619-45DE-A359-D38EC62C7119}.Release|x64.ActiveCfg = Release|Any CPU
		{A900D71E-F619-45DE-A359-D38EC62C7119}.Release|x64.Build.0 = Release|Any CPU
		{A900D71E-F619-45DE-A359-D38EC62C7119}.Release|x86.ActiveCfg = Release|Any CPU
		{A900D71E-F619-45DE-A359-D38EC62C7119}.Release|x86.Build.0 = Release|Any CPU
		{B27D5FAD-9B2B-444B-AAE0-01F3E5F915AC}.Debug|Any CPU.ActiveCfg = Debug|Any CPU
		{B27D5FAD-9B2B-444B-AAE0-01F3E5F915AC}.Debug|Any CPU.Build.0 = Debug|Any CPU
		{B27D5FAD-9B2B-444B-AAE0-01F3E5F915AC}.Debug|x64.ActiveCfg = Debug|Any CPU
		{B27D5FAD-9B2B-444B-AAE0-01F3E5F915AC}.Debug|x64.Build.0 = Debug|Any CPU
		{B27D5FAD-9B2B-444B-AAE0-01F3E5F915AC}.Debug|x86.ActiveCfg = Debug|Any CPU
		{B27D5FAD-9B2B-444B-AAE0-01F3E5F915AC}.Debug|x86.Build.0 = Debug|Any CPU
		{B27D5FAD-9B2B-444B-AAE0-01F3E5F915AC}.Release|Any CPU.ActiveCfg = Release|Any CPU
		{B27D5FAD-9B2B-444B-AAE0-01F3E5F915AC}.Release|Any CPU.Build.0 = Release|Any CPU
		{B27D5FAD-9B2B-444B-AAE0-01F3E5F915AC}.Release|x64.ActiveCfg = Release|Any CPU
		{B27D5FAD-9B2B-444B-AAE0-01F3E5F915AC}.Release|x64.Build.0 = Release|Any CPU
		{B27D5FAD-9B2B-444B-AAE0-01F3E5F915AC}.Release|x86.ActiveCfg = Release|Any CPU
		{B27D5FAD-9B2B-444B-AAE0-01F3E5F915AC}.Release|x86.Build.0 = Release|Any CPU
		{B1C2D3E4-F5A6-7890-BCDE-F12345678901}.Debug|Any CPU.ActiveCfg = Debug|Any CPU
		{B1C2D3E4-F5A6-7890-BCDE-F12345678901}.Debug|Any CPU.Build.0 = Debug|Any CPU
		{B1C2D3E4-F5A6-7890-BCDE-F12345678901}.Debug|x64.ActiveCfg = Debug|Any CPU
		{B1C2D3E4-F5A6-7890-BCDE-F12345678901}.Debug|x64.Build.0 = Debug|Any CPU
		{B1C2D3E4-F5A6-7890-BCDE-F12345678901}.Debug|x86.ActiveCfg = Debug|Any CPU
		{B1C2D3E4-F5A6-7890-BCDE-F12345678901}.Debug|x86.Build.0 = Debug|Any CPU
		{B1C2D3E4-F5A6-7890-BCDE-F12345678901}.Release|Any CPU.ActiveCfg = Release|Any CPU
		{B1C2D3E4-F5A6-7890-BCDE-F12345678901}.Release|Any CPU.Build.0 = Release|Any CPU
		{B1C2D3E4-F5A6-7890-BCDE-F12345678901}.Release|x64.ActiveCfg = Release|Any CPU
		{B1C2D3E4-F5A6-7890-BCDE-F12345678901}.Release|x64.Build.0 = Release|Any CPU
		{B1C2D3E4-F5A6-7890-BCDE-F12345678901}.Release|x86.ActiveCfg = Release|Any CPU
		{B1C2D3E4-F5A6-7890-BCDE-F12345678901}.Release|x86.Build.0 = Release|Any CPU
		{C2D3E4F5-A6B7-8901-CDEF-234567890ABC}.Debug|Any CPU.ActiveCfg = Debug|Any CPU
		{C2D3E4F5-A6B7-8901-CDEF-234567890ABC}.Debug|Any CPU.Build.0 = Debug|Any CPU
		{C2D3E4F5-A6B7-8901-CDEF-234567890ABC}.Debug|x64.ActiveCfg = Debug|Any CPU
		{C2D3E4F5-A6B7-8901-CDEF-234567890ABC}.Debug|x64.Build.0 = Debug|Any CPU
		{C2D3E4F5-A6B7-8901-CDEF-234567890ABC}.Debug|x86.ActiveCfg = Debug|Any CPU
		{C2D3E4F5-A6B7-8901-CDEF-234567890ABC}.Debug|x86.Build.0 = Debug|Any CPU
		{C2D3E4F5-A6B7-8901-CDEF-234567890ABC}.Release|Any CPU.ActiveCfg = Release|Any CPU
		{C2D3E4F5-A6B7-8901-CDEF-234567890ABC}.Release|Any CPU.Build.0 = Release|Any CPU
		{C2D3E4F5-A6B7-8901-CDEF-234567890ABC}.Release|x64.ActiveCfg = Release|Any CPU
		{C2D3E4F5-A6B7-8901-CDEF-234567890ABC}.Release|x64.Build.0 = Release|Any CPU
		{C2D3E4F5-A6B7-8901-CDEF-234567890ABC}.Release|x86.ActiveCfg = Release|Any CPU
		{C2D3E4F5-A6B7-8901-CDEF-234567890ABC}.Release|x86.Build.0 = Release|Any CPU
		{D3E4F5A6-B7C8-9012-DEFA-345678901BCD}.Debug|Any CPU.ActiveCfg = Debug|Any CPU
		{D3E4F5A6-B7C8-9012-DEFA-345678901BCD}.Debug|Any CPU.Build.0 = Debug|Any CPU
		{D3E4F5A6-B7C8-9012-DEFA-345678901BCD}.Debug|x64.ActiveCfg = Debug|Any CPU
		{D3E4F5A6-B7C8-9012-DEFA-345678901BCD}.Debug|x64.Build.0 = Debug|Any CPU
		{D3E4F5A6-B7C8-9012-DEFA-345678901BCD}.Debug|x86.ActiveCfg = Debug|Any CPU
		{D3E4F5A6-B7C8-9012-DEFA-345678901BCD}.Debug|x86.Build.0 = Debug|Any CPU
		{D3E4F5A6-B7C8-9012-DEFA-345678901BCD}.Release|Any CPU.ActiveCfg = Release|Any CPU
		{D3E4F5A6-B7C8-9012-DEFA-345678901BCD}.Release|Any CPU.Build.0 = Release|Any CPU
		{D3E4F5A6-B7C8-9012-DEFA-345678901BCD}.Release|x64.ActiveCfg = Release|Any CPU
		{D3E4F5A6-B7C8-9012-DEFA-345678901BCD}.Release|x64.Build.0 = Release|Any CPU
		{D3E4F5A6-B7C8-9012-DEFA-345678901BCD}.Release|x86.ActiveCfg = Release|Any CPU
		{D3E4F5A6-B7C8-9012-DEFA-345678901BCD}.Release|x86.Build.0 = Release|Any CPU
		{B71DD6DB-16B0-4A22-A40B-CFD56F397C90}.Debug|Any CPU.ActiveCfg = Debug|Any CPU
		{B71DD6DB-16B0-4A22-A40B-CFD56F397C90}.Debug|Any CPU.Build.0 = Debug|Any CPU
		{B71DD6DB-16B0-4A22-A40B-CFD56F397C90}.Debug|x64.ActiveCfg = Debug|Any CPU
		{B71DD6DB-16B0-4A22-A40B-CFD56F397C90}.Debug|x64.Build.0 = Debug|Any CPU
		{B71DD6DB-16B0-4A22-A40B-CFD56F397C90}.Debug|x86.ActiveCfg = Debug|Any CPU
		{B71DD6DB-16B0-4A22-A40B-CFD56F397C90}.Debug|x86.Build.0 = Debug|Any CPU
		{B71DD6DB-16B0-4A22-A40B-CFD56F397C90}.Release|Any CPU.ActiveCfg = Release|Any CPU
		{B71DD6DB-16B0-4A22-A40B-CFD56F397C90}.Release|Any CPU.Build.0 = Release|Any CPU
		{B71DD6DB-16B0-4A22-A40B-CFD56F397C90}.Release|x64.ActiveCfg = Release|Any CPU
		{B71DD6DB-16B0-4A22-A40B-CFD56F397C90}.Release|x64.Build.0 = Release|Any CPU
		{B71DD6DB-16B0-4A22-A40B-CFD56F397C90}.Release|x86.ActiveCfg = Release|Any CPU
		{B71DD6DB-16B0-4A22-A40B-CFD56F397C90}.Release|x86.Build.0 = Release|Any CPU
		{1DEC8D6F-74E2-4917-BF3E-AB800B1D51E1}.Debug|Any CPU.ActiveCfg = Debug|Any CPU
		{1DEC8D6F-74E2-4917-BF3E-AB800B1D51E1}.Debug|Any CPU.Build.0 = Debug|Any CPU
		{1DEC8D6F-74E2-4917-BF3E-AB800B1D51E1}.Debug|x64.ActiveCfg = Debug|Any CPU
		{1DEC8D6F-74E2-4917-BF3E-AB800B1D51E1}.Debug|x64.Build.0 = Debug|Any CPU
		{1DEC8D6F-74E2-4917-BF3E-AB800B1D51E1}.Debug|x86.ActiveCfg = Debug|Any CPU
		{1DEC8D6F-74E2-4917-BF3E-AB800B1D51E1}.Debug|x86.Build.0 = Debug|Any CPU
		{1DEC8D6F-74E2-4917-BF3E-AB800B1D51E1}.Release|Any CPU.ActiveCfg = Release|Any CPU
		{1DEC8D6F-74E2-4917-BF3E-AB800B1D51E1}.Release|Any CPU.Build.0 = Release|Any CPU
		{1DEC8D6F-74E2-4917-BF3E-AB800B1D51E1}.Release|x64.ActiveCfg = Release|Any CPU
		{1DEC8D6F-74E2-4917-BF3E-AB800B1D51E1}.Release|x64.Build.0 = Release|Any CPU
		{1DEC8D6F-74E2-4917-BF3E-AB800B1D51E1}.Release|x86.ActiveCfg = Release|Any CPU
		{1DEC8D6F-74E2-4917-BF3E-AB800B1D51E1}.Release|x86.Build.0 = Release|Any CPU
		{FE81ABCD-5C23-4C09-B710-F03C26A2E796}.Debug|Any CPU.ActiveCfg = Debug|Any CPU
		{FE81ABCD-5C23-4C09-B710-F03C26A2E796}.Debug|Any CPU.Build.0 = Debug|Any CPU
		{FE81ABCD-5C23-4C09-B710-F03C26A2E796}.Debug|x64.ActiveCfg = Debug|Any CPU
		{FE81ABCD-5C23-4C09-B710-F03C26A2E796}.Debug|x64.Build.0 = Debug|Any CPU
		{FE81ABCD-5C23-4C09-B710-F03C26A2E796}.Debug|x86.ActiveCfg = Debug|Any CPU
		{FE81ABCD-5C23-4C09-B710-F03C26A2E796}.Debug|x86.Build.0 = Debug|Any CPU
		{FE81ABCD-5C23-4C09-B710-F03C26A2E796}.Release|Any CPU.ActiveCfg = Release|Any CPU
		{FE81ABCD-5C23-4C09-B710-F03C26A2E796}.Release|Any CPU.Build.0 = Release|Any CPU
		{FE81ABCD-5C23-4C09-B710-F03C26A2E796}.Release|x64.ActiveCfg = Release|Any CPU
		{FE81ABCD-5C23-4C09-B710-F03C26A2E796}.Release|x64.Build.0 = Release|Any CPU
		{FE81ABCD-5C23-4C09-B710-F03C26A2E796}.Release|x86.ActiveCfg = Release|Any CPU
		{FE81ABCD-5C23-4C09-B710-F03C26A2E796}.Release|x86.Build.0 = Release|Any CPU
		{7087456E-BC2C-408F-A07E-B24239FE7BF8}.Debug|Any CPU.ActiveCfg = Debug|Any CPU
		{7087456E-BC2C-408F-A07E-B24239FE7BF8}.Debug|Any CPU.Build.0 = Debug|Any CPU
		{7087456E-BC2C-408F-A07E-B24239FE7BF8}.Debug|x64.ActiveCfg = Debug|Any CPU
		{7087456E-BC2C-408F-A07E-B24239FE7BF8}.Debug|x64.Build.0 = Debug|Any CPU
		{7087456E-BC2C-408F-A07E-B24239FE7BF8}.Debug|x86.ActiveCfg = Debug|Any CPU
		{7087456E-BC2C-408F-A07E-B24239FE7BF8}.Debug|x86.Build.0 = Debug|Any CPU
		{7087456E-BC2C-408F-A07E-B24239FE7BF8}.Release|Any CPU.ActiveCfg = Release|Any CPU
		{7087456E-BC2C-408F-A07E-B24239FE7BF8}.Release|Any CPU.Build.0 = Release|Any CPU
		{7087456E-BC2C-408F-A07E-B24239FE7BF8}.Release|x64.ActiveCfg = Release|Any CPU
		{7087456E-BC2C-408F-A07E-B24239FE7BF8}.Release|x64.Build.0 = Release|Any CPU
		{7087456E-BC2C-408F-A07E-B24239FE7BF8}.Release|x86.ActiveCfg = Release|Any CPU
		{7087456E-BC2C-408F-A07E-B24239FE7BF8}.Release|x86.Build.0 = Release|Any CPU
		{B9E15B0B-46E1-46FA-80C8-CD4F2708ADEF}.Debug|Any CPU.ActiveCfg = Debug|Any CPU
		{B9E15B0B-46E1-46FA-80C8-CD4F2708ADEF}.Debug|Any CPU.Build.0 = Debug|Any CPU
		{B9E15B0B-46E1-46FA-80C8-CD4F2708ADEF}.Debug|x64.ActiveCfg = Debug|Any CPU
		{B9E15B0B-46E1-46FA-80C8-CD4F2708ADEF}.Debug|x64.Build.0 = Debug|Any CPU
		{B9E15B0B-46E1-46FA-80C8-CD4F2708ADEF}.Debug|x86.ActiveCfg = Debug|Any CPU
		{B9E15B0B-46E1-46FA-80C8-CD4F2708ADEF}.Debug|x86.Build.0 = Debug|Any CPU
		{B9E15B0B-46E1-46FA-80C8-CD4F2708ADEF}.Release|Any CPU.ActiveCfg = Release|Any CPU
		{B9E15B0B-46E1-46FA-80C8-CD4F2708ADEF}.Release|Any CPU.Build.0 = Release|Any CPU
		{B9E15B0B-46E1-46FA-80C8-CD4F2708ADEF}.Release|x64.ActiveCfg = Release|Any CPU
		{B9E15B0B-46E1-46FA-80C8-CD4F2708ADEF}.Release|x64.Build.0 = Release|Any CPU
		{B9E15B0B-46E1-46FA-80C8-CD4F2708ADEF}.Release|x86.ActiveCfg = Release|Any CPU
		{B9E15B0B-46E1-46FA-80C8-CD4F2708ADEF}.Release|x86.Build.0 = Release|Any CPU
		{B6DD3E5A-BDE5-492C-91E8-D80D20CED7C6}.Debug|Any CPU.ActiveCfg = Debug|Any CPU
		{B6DD3E5A-BDE5-492C-91E8-D80D20CED7C6}.Debug|Any CPU.Build.0 = Debug|Any CPU
		{B6DD3E5A-BDE5-492C-91E8-D80D20CED7C6}.Debug|x64.ActiveCfg = Debug|Any CPU
		{B6DD3E5A-BDE5-492C-91E8-D80D20CED7C6}.Debug|x64.Build.0 = Debug|Any CPU
		{B6DD3E5A-BDE5-492C-91E8-D80D20CED7C6}.Debug|x86.ActiveCfg = Debug|Any CPU
		{B6DD3E5A-BDE5-492C-91E8-D80D20CED7C6}.Debug|x86.Build.0 = Debug|Any CPU
		{B6DD3E5A-BDE5-492C-91E8-D80D20CED7C6}.Release|Any CPU.ActiveCfg = Release|Any CPU
		{B6DD3E5A-BDE5-492C-91E8-D80D20CED7C6}.Release|Any CPU.Build.0 = Release|Any CPU
		{B6DD3E5A-BDE5-492C-91E8-D80D20CED7C6}.Release|x64.ActiveCfg = Release|Any CPU
		{B6DD3E5A-BDE5-492C-91E8-D80D20CED7C6}.Release|x64.Build.0 = Release|Any CPU
		{B6DD3E5A-BDE5-492C-91E8-D80D20CED7C6}.Release|x86.ActiveCfg = Release|Any CPU
		{B6DD3E5A-BDE5-492C-91E8-D80D20CED7C6}.Release|x86.Build.0 = Release|Any CPU
		{248690F6-97B2-459F-8BD2-5F330CD75DFF}.Debug|Any CPU.ActiveCfg = Debug|Any CPU
		{248690F6-97B2-459F-8BD2-5F330CD75DFF}.Debug|Any CPU.Build.0 = Debug|Any CPU
		{248690F6-97B2-459F-8BD2-5F330CD75DFF}.Debug|x64.ActiveCfg = Debug|Any CPU
		{248690F6-97B2-459F-8BD2-5F330CD75DFF}.Debug|x64.Build.0 = Debug|Any CPU
		{248690F6-97B2-459F-8BD2-5F330CD75DFF}.Debug|x86.ActiveCfg = Debug|Any CPU
		{248690F6-97B2-459F-8BD2-5F330CD75DFF}.Debug|x86.Build.0 = Debug|Any CPU
		{248690F6-97B2-459F-8BD2-5F330CD75DFF}.Release|Any CPU.ActiveCfg = Release|Any CPU
		{248690F6-97B2-459F-8BD2-5F330CD75DFF}.Release|Any CPU.Build.0 = Release|Any CPU
		{248690F6-97B2-459F-8BD2-5F330CD75DFF}.Release|x64.ActiveCfg = Release|Any CPU
		{248690F6-97B2-459F-8BD2-5F330CD75DFF}.Release|x64.Build.0 = Release|Any CPU
		{248690F6-97B2-459F-8BD2-5F330CD75DFF}.Release|x86.ActiveCfg = Release|Any CPU
		{248690F6-97B2-459F-8BD2-5F330CD75DFF}.Release|x86.Build.0 = Release|Any CPU
		{5C040EBA-D9E4-4DED-B8C8-A3CA04A915C1}.Debug|Any CPU.ActiveCfg = Debug|Any CPU
		{5C040EBA-D9E4-4DED-B8C8-A3CA04A915C1}.Debug|Any CPU.Build.0 = Debug|Any CPU
		{5C040EBA-D9E4-4DED-B8C8-A3CA04A915C1}.Debug|x64.ActiveCfg = Debug|Any CPU
		{5C040EBA-D9E4-4DED-B8C8-A3CA04A915C1}.Debug|x64.Build.0 = Debug|Any CPU
		{5C040EBA-D9E4-4DED-B8C8-A3CA04A915C1}.Debug|x86.ActiveCfg = Debug|Any CPU
		{5C040EBA-D9E4-4DED-B8C8-A3CA04A915C1}.Debug|x86.Build.0 = Debug|Any CPU
		{5C040EBA-D9E4-4DED-B8C8-A3CA04A915C1}.Release|Any CPU.ActiveCfg = Release|Any CPU
		{5C040EBA-D9E4-4DED-B8C8-A3CA04A915C1}.Release|Any CPU.Build.0 = Release|Any CPU
		{5C040EBA-D9E4-4DED-B8C8-A3CA04A915C1}.Release|x64.ActiveCfg = Release|Any CPU
		{5C040EBA-D9E4-4DED-B8C8-A3CA04A915C1}.Release|x64.Build.0 = Release|Any CPU
		{5C040EBA-D9E4-4DED-B8C8-A3CA04A915C1}.Release|x86.ActiveCfg = Release|Any CPU
		{5C040EBA-D9E4-4DED-B8C8-A3CA04A915C1}.Release|x86.Build.0 = Release|Any CPU
		{E7C39DA2-F339-4B6D-B0FF-7DA50B8E4C0D}.Debug|Any CPU.ActiveCfg = Debug|Any CPU
		{E7C39DA2-F339-4B6D-B0FF-7DA50B8E4C0D}.Debug|Any CPU.Build.0 = Debug|Any CPU
		{E7C39DA2-F339-4B6D-B0FF-7DA50B8E4C0D}.Debug|x64.ActiveCfg = Debug|Any CPU
		{E7C39DA2-F339-4B6D-B0FF-7DA50B8E4C0D}.Debug|x64.Build.0 = Debug|Any CPU
		{E7C39DA2-F339-4B6D-B0FF-7DA50B8E4C0D}.Debug|x86.ActiveCfg = Debug|Any CPU
		{E7C39DA2-F339-4B6D-B0FF-7DA50B8E4C0D}.Debug|x86.Build.0 = Debug|Any CPU
		{E7C39DA2-F339-4B6D-B0FF-7DA50B8E4C0D}.Release|Any CPU.ActiveCfg = Release|Any CPU
		{E7C39DA2-F339-4B6D-B0FF-7DA50B8E4C0D}.Release|Any CPU.Build.0 = Release|Any CPU
		{E7C39DA2-F339-4B6D-B0FF-7DA50B8E4C0D}.Release|x64.ActiveCfg = Release|Any CPU
		{E7C39DA2-F339-4B6D-B0FF-7DA50B8E4C0D}.Release|x64.Build.0 = Release|Any CPU
		{E7C39DA2-F339-4B6D-B0FF-7DA50B8E4C0D}.Release|x86.ActiveCfg = Release|Any CPU
		{E7C39DA2-F339-4B6D-B0FF-7DA50B8E4C0D}.Release|x86.Build.0 = Release|Any CPU
		{24600990-8EEB-4A16-BCCE-4C54A834BC3F}.Debug|Any CPU.ActiveCfg = Debug|Any CPU
		{24600990-8EEB-4A16-BCCE-4C54A834BC3F}.Debug|Any CPU.Build.0 = Debug|Any CPU
		{24600990-8EEB-4A16-BCCE-4C54A834BC3F}.Debug|x64.ActiveCfg = Debug|Any CPU
		{24600990-8EEB-4A16-BCCE-4C54A834BC3F}.Debug|x64.Build.0 = Debug|Any CPU
		{24600990-8EEB-4A16-BCCE-4C54A834BC3F}.Debug|x86.ActiveCfg = Debug|Any CPU
		{24600990-8EEB-4A16-BCCE-4C54A834BC3F}.Debug|x86.Build.0 = Debug|Any CPU
		{24600990-8EEB-4A16-BCCE-4C54A834BC3F}.Release|Any CPU.ActiveCfg = Release|Any CPU
		{24600990-8EEB-4A16-BCCE-4C54A834BC3F}.Release|Any CPU.Build.0 = Release|Any CPU
		{24600990-8EEB-4A16-BCCE-4C54A834BC3F}.Release|x64.ActiveCfg = Release|Any CPU
		{24600990-8EEB-4A16-BCCE-4C54A834BC3F}.Release|x64.Build.0 = Release|Any CPU
		{24600990-8EEB-4A16-BCCE-4C54A834BC3F}.Release|x86.ActiveCfg = Release|Any CPU
		{24600990-8EEB-4A16-BCCE-4C54A834BC3F}.Release|x86.Build.0 = Release|Any CPU
		{476A36F6-BACB-450E-A5F7-D74FFBF1841E}.Debug|Any CPU.ActiveCfg = Debug|Any CPU
		{476A36F6-BACB-450E-A5F7-D74FFBF1841E}.Debug|Any CPU.Build.0 = Debug|Any CPU
		{476A36F6-BACB-450E-A5F7-D74FFBF1841E}.Debug|x64.ActiveCfg = Debug|Any CPU
		{476A36F6-BACB-450E-A5F7-D74FFBF1841E}.Debug|x64.Build.0 = Debug|Any CPU
		{476A36F6-BACB-450E-A5F7-D74FFBF1841E}.Debug|x86.ActiveCfg = Debug|Any CPU
		{476A36F6-BACB-450E-A5F7-D74FFBF1841E}.Debug|x86.Build.0 = Debug|Any CPU
		{476A36F6-BACB-450E-A5F7-D74FFBF1841E}.Release|Any CPU.ActiveCfg = Release|Any CPU
		{476A36F6-BACB-450E-A5F7-D74FFBF1841E}.Release|Any CPU.Build.0 = Release|Any CPU
		{476A36F6-BACB-450E-A5F7-D74FFBF1841E}.Release|x64.ActiveCfg = Release|Any CPU
		{476A36F6-BACB-450E-A5F7-D74FFBF1841E}.Release|x64.Build.0 = Release|Any CPU
		{476A36F6-BACB-450E-A5F7-D74FFBF1841E}.Release|x86.ActiveCfg = Release|Any CPU
		{476A36F6-BACB-450E-A5F7-D74FFBF1841E}.Release|x86.Build.0 = Release|Any CPU
		{3F2F1705-236E-4535-BD78-6988CF50FB5B}.Debug|Any CPU.ActiveCfg = Debug|Any CPU
		{3F2F1705-236E-4535-BD78-6988CF50FB5B}.Debug|Any CPU.Build.0 = Debug|Any CPU
		{3F2F1705-236E-4535-BD78-6988CF50FB5B}.Debug|x64.ActiveCfg = Debug|Any CPU
		{3F2F1705-236E-4535-BD78-6988CF50FB5B}.Debug|x64.Build.0 = Debug|Any CPU
		{3F2F1705-236E-4535-BD78-6988CF50FB5B}.Debug|x86.ActiveCfg = Debug|Any CPU
		{3F2F1705-236E-4535-BD78-6988CF50FB5B}.Debug|x86.Build.0 = Debug|Any CPU
		{3F2F1705-236E-4535-BD78-6988CF50FB5B}.Release|Any CPU.ActiveCfg = Release|Any CPU
		{3F2F1705-236E-4535-BD78-6988CF50FB5B}.Release|Any CPU.Build.0 = Release|Any CPU
		{3F2F1705-236E-4535-BD78-6988CF50FB5B}.Release|x64.ActiveCfg = Release|Any CPU
		{3F2F1705-236E-4535-BD78-6988CF50FB5B}.Release|x64.Build.0 = Release|Any CPU
		{3F2F1705-236E-4535-BD78-6988CF50FB5B}.Release|x86.ActiveCfg = Release|Any CPU
		{3F2F1705-236E-4535-BD78-6988CF50FB5B}.Release|x86.Build.0 = Release|Any CPU
		{E4283792-5938-4150-BAE1-07C3F383977B}.Debug|Any CPU.ActiveCfg = Debug|Any CPU
		{E4283792-5938-4150-BAE1-07C3F383977B}.Debug|Any CPU.Build.0 = Debug|Any CPU
		{E4283792-5938-4150-BAE1-07C3F383977B}.Debug|x64.ActiveCfg = Debug|Any CPU
		{E4283792-5938-4150-BAE1-07C3F383977B}.Debug|x64.Build.0 = Debug|Any CPU
		{E4283792-5938-4150-BAE1-07C3F383977B}.Debug|x86.ActiveCfg = Debug|Any CPU
		{E4283792-5938-4150-BAE1-07C3F383977B}.Debug|x86.Build.0 = Debug|Any CPU
		{E4283792-5938-4150-BAE1-07C3F383977B}.Release|Any CPU.ActiveCfg = Release|Any CPU
		{E4283792-5938-4150-BAE1-07C3F383977B}.Release|Any CPU.Build.0 = Release|Any CPU
		{E4283792-5938-4150-BAE1-07C3F383977B}.Release|x64.ActiveCfg = Release|Any CPU
		{E4283792-5938-4150-BAE1-07C3F383977B}.Release|x64.Build.0 = Release|Any CPU
		{E4283792-5938-4150-BAE1-07C3F383977B}.Release|x86.ActiveCfg = Release|Any CPU
		{E4283792-5938-4150-BAE1-07C3F383977B}.Release|x86.Build.0 = Release|Any CPU
		{79D168BC-1C73-45F0-8861-7F130BD31360}.Debug|Any CPU.ActiveCfg = Debug|Any CPU
		{79D168BC-1C73-45F0-8861-7F130BD31360}.Debug|Any CPU.Build.0 = Debug|Any CPU
		{79D168BC-1C73-45F0-8861-7F130BD31360}.Debug|x64.ActiveCfg = Debug|Any CPU
		{79D168BC-1C73-45F0-8861-7F130BD31360}.Debug|x64.Build.0 = Debug|Any CPU
		{79D168BC-1C73-45F0-8861-7F130BD31360}.Debug|x86.ActiveCfg = Debug|Any CPU
		{79D168BC-1C73-45F0-8861-7F130BD31360}.Debug|x86.Build.0 = Debug|Any CPU
		{79D168BC-1C73-45F0-8861-7F130BD31360}.Release|Any CPU.ActiveCfg = Release|Any CPU
		{79D168BC-1C73-45F0-8861-7F130BD31360}.Release|Any CPU.Build.0 = Release|Any CPU
		{79D168BC-1C73-45F0-8861-7F130BD31360}.Release|x64.ActiveCfg = Release|Any CPU
		{79D168BC-1C73-45F0-8861-7F130BD31360}.Release|x64.Build.0 = Release|Any CPU
		{79D168BC-1C73-45F0-8861-7F130BD31360}.Release|x86.ActiveCfg = Release|Any CPU
		{79D168BC-1C73-45F0-8861-7F130BD31360}.Release|x86.Build.0 = Release|Any CPU
		{6829A174-D4B4-4DCA-B53E-8A4016D80DA0}.Debug|Any CPU.ActiveCfg = Debug|Any CPU
		{6829A174-D4B4-4DCA-B53E-8A4016D80DA0}.Debug|Any CPU.Build.0 = Debug|Any CPU
		{6829A174-D4B4-4DCA-B53E-8A4016D80DA0}.Debug|x64.ActiveCfg = Debug|Any CPU
		{6829A174-D4B4-4DCA-B53E-8A4016D80DA0}.Debug|x64.Build.0 = Debug|Any CPU
		{6829A174-D4B4-4DCA-B53E-8A4016D80DA0}.Debug|x86.ActiveCfg = Debug|Any CPU
		{6829A174-D4B4-4DCA-B53E-8A4016D80DA0}.Debug|x86.Build.0 = Debug|Any CPU
		{6829A174-D4B4-4DCA-B53E-8A4016D80DA0}.Release|Any CPU.ActiveCfg = Release|Any CPU
		{6829A174-D4B4-4DCA-B53E-8A4016D80DA0}.Release|Any CPU.Build.0 = Release|Any CPU
		{6829A174-D4B4-4DCA-B53E-8A4016D80DA0}.Release|x64.ActiveCfg = Release|Any CPU
		{6829A174-D4B4-4DCA-B53E-8A4016D80DA0}.Release|x64.Build.0 = Release|Any CPU
		{6829A174-D4B4-4DCA-B53E-8A4016D80DA0}.Release|x86.ActiveCfg = Release|Any CPU
		{6829A174-D4B4-4DCA-B53E-8A4016D80DA0}.Release|x86.Build.0 = Release|Any CPU
		{3057B322-0594-4F72-BE88-55396EC5A901}.Debug|Any CPU.ActiveCfg = Debug|Any CPU
		{3057B322-0594-4F72-BE88-55396EC5A901}.Debug|Any CPU.Build.0 = Debug|Any CPU
		{3057B322-0594-4F72-BE88-55396EC5A901}.Debug|x64.ActiveCfg = Debug|Any CPU
		{3057B322-0594-4F72-BE88-55396EC5A901}.Debug|x64.Build.0 = Debug|Any CPU
		{3057B322-0594-4F72-BE88-55396EC5A901}.Debug|x86.ActiveCfg = Debug|Any CPU
		{3057B322-0594-4F72-BE88-55396EC5A901}.Debug|x86.Build.0 = Debug|Any CPU
		{3057B322-0594-4F72-BE88-55396EC5A901}.Release|Any CPU.ActiveCfg = Release|Any CPU
		{3057B322-0594-4F72-BE88-55396EC5A901}.Release|Any CPU.Build.0 = Release|Any CPU
		{3057B322-0594-4F72-BE88-55396EC5A901}.Release|x64.ActiveCfg = Release|Any CPU
		{3057B322-0594-4F72-BE88-55396EC5A901}.Release|x64.Build.0 = Release|Any CPU
		{3057B322-0594-4F72-BE88-55396EC5A901}.Release|x86.ActiveCfg = Release|Any CPU
		{3057B322-0594-4F72-BE88-55396EC5A901}.Release|x86.Build.0 = Release|Any CPU
		{89475209-9101-4C66-B351-225D462A45C6}.Debug|Any CPU.ActiveCfg = Debug|Any CPU
		{89475209-9101-4C66-B351-225D462A45C6}.Debug|Any CPU.Build.0 = Debug|Any CPU
		{89475209-9101-4C66-B351-225D462A45C6}.Debug|x64.ActiveCfg = Debug|Any CPU
		{89475209-9101-4C66-B351-225D462A45C6}.Debug|x64.Build.0 = Debug|Any CPU
		{89475209-9101-4C66-B351-225D462A45C6}.Debug|x86.ActiveCfg = Debug|Any CPU
		{89475209-9101-4C66-B351-225D462A45C6}.Debug|x86.Build.0 = Debug|Any CPU
		{89475209-9101-4C66-B351-225D462A45C6}.Release|Any CPU.ActiveCfg = Release|Any CPU
		{89475209-9101-4C66-B351-225D462A45C6}.Release|Any CPU.Build.0 = Release|Any CPU
		{89475209-9101-4C66-B351-225D462A45C6}.Release|x64.ActiveCfg = Release|Any CPU
		{89475209-9101-4C66-B351-225D462A45C6}.Release|x64.Build.0 = Release|Any CPU
		{89475209-9101-4C66-B351-225D462A45C6}.Release|x86.ActiveCfg = Release|Any CPU
		{89475209-9101-4C66-B351-225D462A45C6}.Release|x86.Build.0 = Release|Any CPU
		{5DF8B776-F157-4C96-A6E7-B3CE52AC67E8}.Debug|Any CPU.ActiveCfg = Debug|Any CPU
		{5DF8B776-F157-4C96-A6E7-B3CE52AC67E8}.Debug|Any CPU.Build.0 = Debug|Any CPU
		{5DF8B776-F157-4C96-A6E7-B3CE52AC67E8}.Debug|x64.ActiveCfg = Debug|Any CPU
		{5DF8B776-F157-4C96-A6E7-B3CE52AC67E8}.Debug|x64.Build.0 = Debug|Any CPU
		{5DF8B776-F157-4C96-A6E7-B3CE52AC67E8}.Debug|x86.ActiveCfg = Debug|Any CPU
		{5DF8B776-F157-4C96-A6E7-B3CE52AC67E8}.Debug|x86.Build.0 = Debug|Any CPU
		{5DF8B776-F157-4C96-A6E7-B3CE52AC67E8}.Release|Any CPU.ActiveCfg = Release|Any CPU
		{5DF8B776-F157-4C96-A6E7-B3CE52AC67E8}.Release|Any CPU.Build.0 = Release|Any CPU
		{5DF8B776-F157-4C96-A6E7-B3CE52AC67E8}.Release|x64.ActiveCfg = Release|Any CPU
		{5DF8B776-F157-4C96-A6E7-B3CE52AC67E8}.Release|x64.Build.0 = Release|Any CPU
		{5DF8B776-F157-4C96-A6E7-B3CE52AC67E8}.Release|x86.ActiveCfg = Release|Any CPU
		{5DF8B776-F157-4C96-A6E7-B3CE52AC67E8}.Release|x86.Build.0 = Release|Any CPU
		{6EA81A01-3D98-4B39-8863-B9CEE228401C}.Debug|Any CPU.ActiveCfg = Debug|Any CPU
		{6EA81A01-3D98-4B39-8863-B9CEE228401C}.Debug|Any CPU.Build.0 = Debug|Any CPU
		{6EA81A01-3D98-4B39-8863-B9CEE228401C}.Debug|x64.ActiveCfg = Debug|Any CPU
		{6EA81A01-3D98-4B39-8863-B9CEE228401C}.Debug|x64.Build.0 = Debug|Any CPU
		{6EA81A01-3D98-4B39-8863-B9CEE228401C}.Debug|x86.ActiveCfg = Debug|Any CPU
		{6EA81A01-3D98-4B39-8863-B9CEE228401C}.Debug|x86.Build.0 = Debug|Any CPU
		{6EA81A01-3D98-4B39-8863-B9CEE228401C}.Release|Any CPU.ActiveCfg = Release|Any CPU
		{6EA81A01-3D98-4B39-8863-B9CEE228401C}.Release|Any CPU.Build.0 = Release|Any CPU
		{6EA81A01-3D98-4B39-8863-B9CEE228401C}.Release|x64.ActiveCfg = Release|Any CPU
		{6EA81A01-3D98-4B39-8863-B9CEE228401C}.Release|x64.Build.0 = Release|Any CPU
		{6EA81A01-3D98-4B39-8863-B9CEE228401C}.Release|x86.ActiveCfg = Release|Any CPU
		{6EA81A01-3D98-4B39-8863-B9CEE228401C}.Release|x86.Build.0 = Release|Any CPU
		{F4EB946A-D680-4E96-927B-DE73D424D259}.Debug|Any CPU.ActiveCfg = Debug|Any CPU
		{F4EB946A-D680-4E96-927B-DE73D424D259}.Debug|Any CPU.Build.0 = Debug|Any CPU
		{F4EB946A-D680-4E96-927B-DE73D424D259}.Debug|x64.ActiveCfg = Debug|Any CPU
		{F4EB946A-D680-4E96-927B-DE73D424D259}.Debug|x64.Build.0 = Debug|Any CPU
		{F4EB946A-D680-4E96-927B-DE73D424D259}.Debug|x86.ActiveCfg = Debug|Any CPU
		{F4EB946A-D680-4E96-927B-DE73D424D259}.Debug|x86.Build.0 = Debug|Any CPU
		{F4EB946A-D680-4E96-927B-DE73D424D259}.Release|Any CPU.ActiveCfg = Release|Any CPU
		{F4EB946A-D680-4E96-927B-DE73D424D259}.Release|Any CPU.Build.0 = Release|Any CPU
		{F4EB946A-D680-4E96-927B-DE73D424D259}.Release|x64.ActiveCfg = Release|Any CPU
		{F4EB946A-D680-4E96-927B-DE73D424D259}.Release|x64.Build.0 = Release|Any CPU
		{F4EB946A-D680-4E96-927B-DE73D424D259}.Release|x86.ActiveCfg = Release|Any CPU
		{F4EB946A-D680-4E96-927B-DE73D424D259}.Release|x86.Build.0 = Release|Any CPU
		{179BB873-2C8D-4B84-92A7-4D23215081F9}.Debug|Any CPU.ActiveCfg = Debug|Any CPU
		{179BB873-2C8D-4B84-92A7-4D23215081F9}.Debug|Any CPU.Build.0 = Debug|Any CPU
		{179BB873-2C8D-4B84-92A7-4D23215081F9}.Debug|x64.ActiveCfg = Debug|Any CPU
		{179BB873-2C8D-4B84-92A7-4D23215081F9}.Debug|x64.Build.0 = Debug|Any CPU
		{179BB873-2C8D-4B84-92A7-4D23215081F9}.Debug|x86.ActiveCfg = Debug|Any CPU
		{179BB873-2C8D-4B84-92A7-4D23215081F9}.Debug|x86.Build.0 = Debug|Any CPU
		{179BB873-2C8D-4B84-92A7-4D23215081F9}.Release|Any CPU.ActiveCfg = Release|Any CPU
		{179BB873-2C8D-4B84-92A7-4D23215081F9}.Release|Any CPU.Build.0 = Release|Any CPU
		{179BB873-2C8D-4B84-92A7-4D23215081F9}.Release|x64.ActiveCfg = Release|Any CPU
		{179BB873-2C8D-4B84-92A7-4D23215081F9}.Release|x64.Build.0 = Release|Any CPU
		{179BB873-2C8D-4B84-92A7-4D23215081F9}.Release|x86.ActiveCfg = Release|Any CPU
		{179BB873-2C8D-4B84-92A7-4D23215081F9}.Release|x86.Build.0 = Release|Any CPU
		{804053F7-B1D2-4288-A050-5C78887FA7B4}.Debug|Any CPU.ActiveCfg = Debug|Any CPU
		{804053F7-B1D2-4288-A050-5C78887FA7B4}.Debug|Any CPU.Build.0 = Debug|Any CPU
		{804053F7-B1D2-4288-A050-5C78887FA7B4}.Debug|x64.ActiveCfg = Debug|Any CPU
		{804053F7-B1D2-4288-A050-5C78887FA7B4}.Debug|x64.Build.0 = Debug|Any CPU
		{804053F7-B1D2-4288-A050-5C78887FA7B4}.Debug|x86.ActiveCfg = Debug|Any CPU
		{804053F7-B1D2-4288-A050-5C78887FA7B4}.Debug|x86.Build.0 = Debug|Any CPU
		{804053F7-B1D2-4288-A050-5C78887FA7B4}.Release|Any CPU.ActiveCfg = Release|Any CPU
		{804053F7-B1D2-4288-A050-5C78887FA7B4}.Release|Any CPU.Build.0 = Release|Any CPU
		{804053F7-B1D2-4288-A050-5C78887FA7B4}.Release|x64.ActiveCfg = Release|Any CPU
		{804053F7-B1D2-4288-A050-5C78887FA7B4}.Release|x64.Build.0 = Release|Any CPU
		{804053F7-B1D2-4288-A050-5C78887FA7B4}.Release|x86.ActiveCfg = Release|Any CPU
		{804053F7-B1D2-4288-A050-5C78887FA7B4}.Release|x86.Build.0 = Release|Any CPU
		{6FAEB942-14C3-4608-8786-A5AF65BB95A3}.Debug|Any CPU.ActiveCfg = Debug|Any CPU
		{6FAEB942-14C3-4608-8786-A5AF65BB95A3}.Debug|Any CPU.Build.0 = Debug|Any CPU
		{6FAEB942-14C3-4608-8786-A5AF65BB95A3}.Debug|x64.ActiveCfg = Debug|Any CPU
		{6FAEB942-14C3-4608-8786-A5AF65BB95A3}.Debug|x64.Build.0 = Debug|Any CPU
		{6FAEB942-14C3-4608-8786-A5AF65BB95A3}.Debug|x86.ActiveCfg = Debug|Any CPU
		{6FAEB942-14C3-4608-8786-A5AF65BB95A3}.Debug|x86.Build.0 = Debug|Any CPU
		{6FAEB942-14C3-4608-8786-A5AF65BB95A3}.Release|Any CPU.ActiveCfg = Release|Any CPU
		{6FAEB942-14C3-4608-8786-A5AF65BB95A3}.Release|Any CPU.Build.0 = Release|Any CPU
		{6FAEB942-14C3-4608-8786-A5AF65BB95A3}.Release|x64.ActiveCfg = Release|Any CPU
		{6FAEB942-14C3-4608-8786-A5AF65BB95A3}.Release|x64.Build.0 = Release|Any CPU
		{6FAEB942-14C3-4608-8786-A5AF65BB95A3}.Release|x86.ActiveCfg = Release|Any CPU
		{6FAEB942-14C3-4608-8786-A5AF65BB95A3}.Release|x86.Build.0 = Release|Any CPU
	EndGlobalSection
	GlobalSection(SolutionProperties) = preSolution
		HideSolutionNode = FALSE
	EndGlobalSection
	GlobalSection(NestedProjects) = preSolution
		{590B51CB-6955-43C7-B347-274001F6A902} = {7266C4A9-E384-DC00-0EB6-47F6002CFBA7}
		{56053F67-841B-4A0C-AD6A-688DC6C50AB6} = {7266C4A9-E384-DC00-0EB6-47F6002CFBA7}
		{232D16D1-3717-7535-8682-C7B068A316A6} = {CA253913-39DE-BFD0-C9A3-4B7EC6FBDF17}
		{D43E16D1-3717-7535-8682-C7B068A316A7} = {CA253913-39DE-BFD0-C9A3-4B7EC6FBDF17}
		{E54F16D1-3717-7535-8682-C7B068A316A8} = {CA253913-39DE-BFD0-C9A3-4B7EC6FBDF17}
		{C94FDD76-B294-4CFB-A308-569B29801608} = {D43E16D1-3717-7535-8682-C7B068A316A7}
		{D3A059FD-EA41-408D-B4A7-1D6E3F8E6167} = {D43E16D1-3717-7535-8682-C7B068A316A7}
		{B2FA59E4-225D-46E7-912E-6B5FD5128A24} = {D43E16D1-3717-7535-8682-C7B068A316A7}
		{A800D71E-F619-45DE-A359-D38EC62C7118} = {D43E16D1-3717-7535-8682-C7B068A316A7}
		{A94FDD76-B294-4CFB-A308-569B29801607} = {232D16D1-3717-7535-8682-C7B068A316A6}
		{13A059FD-EA41-408D-B4A7-1D6E3F8E6166} = {232D16D1-3717-7535-8682-C7B068A316A6}
		{A2FA59E4-225D-46E7-912E-6B5FD5128A23} = {232D16D1-3717-7535-8682-C7B068A316A6}
		{9800D71E-F619-45DE-A359-D38EC62C7117} = {232D16D1-3717-7535-8682-C7B068A316A6}
		{A15FDD76-B294-4CFB-A308-569B29801609} = {E54F16D1-3717-7535-8682-C7B068A316A8}
		{53A059FD-EA41-408D-B4A7-1D6E3F8E6168} = {E54F16D1-3717-7535-8682-C7B068A316A8}
		{B3FA59E4-225D-46E7-912E-6B5FD5128A25} = {E54F16D1-3717-7535-8682-C7B068A316A8}
		{A900D71E-F619-45DE-A359-D38EC62C7119} = {E54F16D1-3717-7535-8682-C7B068A316A8}
		{B1C2D3E4-F5A6-7890-BCDE-F12345678901} = {A1B2C3D4-E5F6-7890-ABCD-EF1234567890}
		{DBE06A19-C3D8-5748-22DF-70D1BF29ACA7} = {CA253913-39DE-BFD0-C9A3-4B7EC6FBDF17}
		{B71DD6DB-16B0-4A22-A40B-CFD56F397C90} = {DBE06A19-C3D8-5748-22DF-70D1BF29ACA7}
		{1DEC8D6F-74E2-4917-BF3E-AB800B1D51E1} = {DBE06A19-C3D8-5748-22DF-70D1BF29ACA7}
		{FE81ABCD-5C23-4C09-B710-F03C26A2E796} = {DBE06A19-C3D8-5748-22DF-70D1BF29ACA7}
		{7087456E-BC2C-408F-A07E-B24239FE7BF8} = {DBE06A19-C3D8-5748-22DF-70D1BF29ACA7}
		{216848B0-572A-DDAD-5F7D-381B99D26C9F} = {CA253913-39DE-BFD0-C9A3-4B7EC6FBDF17}
		{B9E15B0B-46E1-46FA-80C8-CD4F2708ADEF} = {216848B0-572A-DDAD-5F7D-381B99D26C9F}
		{B6DD3E5A-BDE5-492C-91E8-D80D20CED7C6} = {216848B0-572A-DDAD-5F7D-381B99D26C9F}
		{248690F6-97B2-459F-8BD2-5F330CD75DFF} = {216848B0-572A-DDAD-5F7D-381B99D26C9F}
		{5C040EBA-D9E4-4DED-B8C8-A3CA04A915C1} = {216848B0-572A-DDAD-5F7D-381B99D26C9F}
		{FC875188-97FF-BAF4-E2B3-5F9824AC5C9A} = {CA253913-39DE-BFD0-C9A3-4B7EC6FBDF17}
		{E7C39DA2-F339-4B6D-B0FF-7DA50B8E4C0D} = {FC875188-97FF-BAF4-E2B3-5F9824AC5C9A}
		{24600990-8EEB-4A16-BCCE-4C54A834BC3F} = {FC875188-97FF-BAF4-E2B3-5F9824AC5C9A}
		{476A36F6-BACB-450E-A5F7-D74FFBF1841E} = {FC875188-97FF-BAF4-E2B3-5F9824AC5C9A}
		{3F2F1705-236E-4535-BD78-6988CF50FB5B} = {FC875188-97FF-BAF4-E2B3-5F9824AC5C9A}
		{0F87A283-286F-D1F5-4937-B49551E41E1C} = {CA253913-39DE-BFD0-C9A3-4B7EC6FBDF17}
		{E4283792-5938-4150-BAE1-07C3F383977B} = {0F87A283-286F-D1F5-4937-B49551E41E1C}
		{79D168BC-1C73-45F0-8861-7F130BD31360} = {0F87A283-286F-D1F5-4937-B49551E41E1C}
		{6829A174-D4B4-4DCA-B53E-8A4016D80DA0} = {0F87A283-286F-D1F5-4937-B49551E41E1C}
		{3057B322-0594-4F72-BE88-55396EC5A901} = {0F87A283-286F-D1F5-4937-B49551E41E1C}
		{D0662910-7CB9-8EF1-EB60-346B5A552B18} = {CA253913-39DE-BFD0-C9A3-4B7EC6FBDF17}
		{89475209-9101-4C66-B351-225D462A45C6} = {D0662910-7CB9-8EF1-EB60-346B5A552B18}
		{5DF8B776-F157-4C96-A6E7-B3CE52AC67E8} = {D0662910-7CB9-8EF1-EB60-346B5A552B18}
		{6EA81A01-3D98-4B39-8863-B9CEE228401C} = {D0662910-7CB9-8EF1-EB60-346B5A552B18}
		{0A17C655-BF1C-DD66-7A66-61B6DCB05634} = {CA253913-39DE-BFD0-C9A3-4B7EC6FBDF17}
		{F4EB946A-D680-4E96-927B-DE73D424D259} = {0A17C655-BF1C-DD66-7A66-61B6DCB05634}
		{179BB873-2C8D-4B84-92A7-4D23215081F9} = {0A17C655-BF1C-DD66-7A66-61B6DCB05634}
		{804053F7-B1D2-4288-A050-5C78887FA7B4} = {0A17C655-BF1C-DD66-7A66-61B6DCB05634}
		{6FAEB942-14C3-4608-8786-A5AF65BB95A3} = {0A17C655-BF1C-DD66-7A66-61B6DCB05634}
	EndGlobalSection
EndGlobal
